
Microsoft Visual Studio Solution File, Format Version 12.00
# Visual Studio Version 17
VisualStudioVersion = 17.6.33723.286
MinimumVisualStudioVersion = 10.0.40219.1
Project("{9A19103F-16F7-4668-BE54-9A1E7A4F7556}") = "Kemorave", "Kemorave\Kemorave.csproj", "{571E7121-8234-4845-B0AB-CC9BB5CE7421}"
EndProject
Project("{9A19103F-16F7-4668-BE54-9A1E7A4F7556}") = "Kemorave.Net", "Kemorave.Net\Kemorave.Net.csproj", "{C1211D21-F510-472B-9530-39AC7EE62709}"
EndProject
Project("{9A19103F-16F7-4668-BE54-9A1E7A4F7556}") = "Kemorave.SQLite", "Kemorave.SQLite\Kemorave.SQLite.csproj", "{F41EE4D1-2186-4690-A309-7D16BD4AB845}"
EndProject
Project("{2150E333-8FDC-42A3-9474-1A3956D46DE8}") = "Test", "Test", "{FBB4C3FD-C890-4F11-B210-23E28A518F0A}"
EndProject
Project("{FAE04EC0-301F-11D3-BF4B-00C04F79EFBC}") = "UnitTestProject", "UnitTestProject\UnitTestProject.csproj", "{754D86D1-42B2-437B-B3C1-CDB7A734945D}"
	ProjectSection(ProjectDependencies) = postProject
		{C1211D21-F510-472B-9530-39AC7EE62709} = {C1211D21-F510-472B-9530-39AC7EE62709}
		{571E7121-8234-4845-B0AB-CC9BB5CE7421} = {571E7121-8234-4845-B0AB-CC9BB5CE7421}
		{D65FFD82-5B94-4CB2-B4DB-9D99AC6FB8A4} = {D65FFD82-5B94-4CB2-B4DB-9D99AC6FB8A4}
		{F41EE4D1-2186-4690-A309-7D16BD4AB845} = {F41EE4D1-2186-4690-A309-7D16BD4AB845}
	EndProjectSection
EndProject
Project("{FAE04EC0-301F-11D3-BF4B-00C04F79EFBC}") = "Kemorave.Win", "Kemorave.Win\Kemorave.Win.csproj", "{EA978A31-BA89-4D34-AD2E-2946FC29847E}"
EndProject
Project("{9A19103F-16F7-4668-BE54-9A1E7A4F7556}") = "Kemorave.IO", "Kemorave.IO\Kemorave.IO.csproj", "{D65FFD82-5B94-4CB2-B4DB-9D99AC6FB8A4}"
EndProject
Project("{FAE04EC0-301F-11D3-BF4B-00C04F79EFBC}") = "WpfTestApp", "WpfTestApp\WpfTestApp.csproj", "{95476F9F-90E3-447F-9E18-34970FF34CAC}"
EndProject
Project("{FAE04EC0-301F-11D3-BF4B-00C04F79EFBC}") = "Kemorave.Wpf", "Kemorave.Wpf\Kemorave.Wpf.csproj", "{0742E82F-2FA6-457A-93E1-C0C97514349B}"
EndProject
Global
	GlobalSection(SolutionConfigurationPlatforms) = preSolution
		Debug|Any CPU = Debug|Any CPU
		Debug|x86 = Debug|x86
		Release|Any CPU = Release|Any CPU
		Release|x86 = Release|x86
	EndGlobalSection
	GlobalSection(ProjectConfigurationPlatforms) = postSolution
		{571E7121-8234-4845-B0AB-CC9BB5CE7421}.Debug|Any CPU.ActiveCfg = Debug|Any CPU
		{571E7121-8234-4845-B0AB-CC9BB5CE7421}.Debug|Any CPU.Build.0 = Debug|Any CPU
		{571E7121-8234-4845-B0AB-CC9BB5CE7421}.Debug|x86.ActiveCfg = Debug|x86
		{571E7121-8234-4845-B0AB-CC9BB5CE7421}.Debug|x86.Build.0 = Debug|x86
		{571E7121-8234-4845-B0AB-CC9BB5CE7421}.Release|Any CPU.ActiveCfg = Release|Any CPU
		{571E7121-8234-4845-B0AB-CC9BB5CE7421}.Release|Any CPU.Build.0 = Release|Any CPU
		{571E7121-8234-4845-B0AB-CC9BB5CE7421}.Release|x86.ActiveCfg = Release|x86
		{571E7121-8234-4845-B0AB-CC9BB5CE7421}.Release|x86.Build.0 = Release|x86
		{C1211D21-F510-472B-9530-39AC7EE62709}.Debug|Any CPU.ActiveCfg = Debug|Any CPU
		{C1211D21-F510-472B-9530-39AC7EE62709}.Debug|Any CPU.Build.0 = Debug|Any CPU
		{C1211D21-F510-472B-9530-39AC7EE62709}.Debug|x86.ActiveCfg = Debug|Any CPU
		{C1211D21-F510-472B-9530-39AC7EE62709}.Debug|x86.Build.0 = Debug|Any CPU
		{C1211D21-F510-472B-9530-39AC7EE62709}.Release|Any CPU.ActiveCfg = Release|Any CPU
		{C1211D21-F510-472B-9530-39AC7EE62709}.Release|Any CPU.Build.0 = Release|Any CPU
		{C1211D21-F510-472B-9530-39AC7EE62709}.Release|x86.ActiveCfg = Release|Any CPU
		{C1211D21-F510-472B-9530-39AC7EE62709}.Release|x86.Build.0 = Release|Any CPU
		{F41EE4D1-2186-4690-A309-7D16BD4AB845}.Debug|Any CPU.ActiveCfg = Debug|Any CPU
		{F41EE4D1-2186-4690-A309-7D16BD4AB845}.Debug|Any CPU.Build.0 = Debug|Any CPU
		{F41EE4D1-2186-4690-A309-7D16BD4AB845}.Debug|x86.ActiveCfg = Debug|x86
		{F41EE4D1-2186-4690-A309-7D16BD4AB845}.Debug|x86.Build.0 = Debug|x86
		{F41EE4D1-2186-4690-A309-7D16BD4AB845}.Release|Any CPU.ActiveCfg = Release|Any CPU
		{F41EE4D1-2186-4690-A309-7D16BD4AB845}.Release|Any CPU.Build.0 = Release|Any CPU
		{F41EE4D1-2186-4690-A309-7D16BD4AB845}.Release|x86.ActiveCfg = Release|x86
		{F41EE4D1-2186-4690-A309-7D16BD4AB845}.Release|x86.Build.0 = Release|x86
		{754D86D1-42B2-437B-B3C1-CDB7A734945D}.Debug|Any CPU.ActiveCfg = Debug|Any CPU
		{754D86D1-42B2-437B-B3C1-CDB7A734945D}.Debug|Any CPU.Build.0 = Debug|Any CPU
		{754D86D1-42B2-437B-B3C1-CDB7A734945D}.Debug|x86.ActiveCfg = Debug|Any CPU
		{754D86D1-42B2-437B-B3C1-CDB7A734945D}.Debug|x86.Build.0 = Debug|Any CPU
		{754D86D1-42B2-437B-B3C1-CDB7A734945D}.Release|Any CPU.ActiveCfg = Release|Any CPU
		{754D86D1-42B2-437B-B3C1-CDB7A734945D}.Release|Any CPU.Build.0 = Release|Any CPU
		{754D86D1-42B2-437B-B3C1-CDB7A734945D}.Release|x86.ActiveCfg = Release|Any CPU
		{754D86D1-42B2-437B-B3C1-CDB7A734945D}.Release|x86.Build.0 = Release|Any CPU
		{EA978A31-BA89-4D34-AD2E-2946FC29847E}.Debug|Any CPU.ActiveCfg = Debug|Any CPU
		{EA978A31-BA89-4D34-AD2E-2946FC29847E}.Debug|Any CPU.Build.0 = Debug|Any CPU
		{EA978A31-BA89-4D34-AD2E-2946FC29847E}.Debug|x86.ActiveCfg = Debug|Any CPU
		{EA978A31-BA89-4D34-AD2E-2946FC29847E}.Debug|x86.Build.0 = Debug|Any CPU
		{EA978A31-BA89-4D34-AD2E-2946FC29847E}.Release|Any CPU.ActiveCfg = Release|Any CPU
		{EA978A31-BA89-4D34-AD2E-2946FC29847E}.Release|Any CPU.Build.0 = Release|Any CPU
		{EA978A31-BA89-4D34-AD2E-2946FC29847E}.Release|x86.ActiveCfg = Release|Any CPU
		{EA978A31-BA89-4D34-AD2E-2946FC29847E}.Release|x86.Build.0 = Release|Any CPU
		{D65FFD82-5B94-4CB2-B4DB-9D99AC6FB8A4}.Debug|Any CPU.ActiveCfg = Debug|Any CPU
		{D65FFD82-5B94-4CB2-B4DB-9D99AC6FB8A4}.Debug|Any CPU.Build.0 = Debug|Any CPU
		{D65FFD82-5B94-4CB2-B4DB-9D99AC6FB8A4}.Debug|x86.ActiveCfg = Debug|Any CPU
		{D65FFD82-5B94-4CB2-B4DB-9D99AC6FB8A4}.Debug|x86.Build.0 = Debug|Any CPU
		{D65FFD82-5B94-4CB2-B4DB-9D99AC6FB8A4}.Release|Any CPU.ActiveCfg = Release|Any CPU
		{D65FFD82-5B94-4CB2-B4DB-9D99AC6FB8A4}.Release|Any CPU.Build.0 = Release|Any CPU
		{D65FFD82-5B94-4CB2-B4DB-9D99AC6FB8A4}.Release|x86.ActiveCfg = Release|Any CPU
		{D65FFD82-5B94-4CB2-B4DB-9D99AC6FB8A4}.Release|x86.Build.0 = Release|Any CPU
		{95476F9F-90E3-447F-9E18-34970FF34CAC}.Debug|Any CPU.ActiveCfg = Debug|Any CPU
		{95476F9F-90E3-447F-9E18-34970FF34CAC}.Debug|Any CPU.Build.0 = Debug|Any CPU
		{95476F9F-90E3-447F-9E18-34970FF34CAC}.Debug|x86.ActiveCfg = Debug|Any CPU
		{95476F9F-90E3-447F-9E18-34970FF34CAC}.Debug|x86.Build.0 = Debug|Any CPU
		{95476F9F-90E3-447F-9E18-34970FF34CAC}.Release|Any CPU.ActiveCfg = Release|Any CPU
		{95476F9F-90E3-447F-9E18-34970FF34CAC}.Release|Any CPU.Build.0 = Release|Any CPU
		{95476F9F-90E3-447F-9E18-34970FF34CAC}.Release|x86.ActiveCfg = Release|Any CPU
		{95476F9F-90E3-447F-9E18-34970FF34CAC}.Release|x86.Build.0 = Release|Any CPU
		{0742E82F-2FA6-457A-93E1-C0C97514349B}.Debug|Any CPU.ActiveCfg = Debug|Any CPU
		{0742E82F-2FA6-457A-93E1-C0C97514349B}.Debug|Any CPU.Build.0 = Debug|Any CPU
		{0742E82F-2FA6-457A-93E1-C0C97514349B}.Debug|x86.ActiveCfg = Debug|Any CPU
		{0742E82F-2FA6-457A-93E1-C0C97514349B}.Debug|x86.Build.0 = Debug|Any CPU
		{0742E82F-2FA6-457A-93E1-C0C97514349B}.Release|Any CPU.ActiveCfg = Release|Any CPU
		{0742E82F-2FA6-457A-93E1-C0C97514349B}.Release|Any CPU.Build.0 = Release|Any CPU
		{0742E82F-2FA6-457A-93E1-C0C97514349B}.Release|x86.ActiveCfg = Release|Any CPU
		{0742E82F-2FA6-457A-93E1-C0C97514349B}.Release|x86.Build.0 = Release|Any CPU
	EndGlobalSection
	GlobalSection(SolutionProperties) = preSolution
		HideSolutionNode = FALSE
	EndGlobalSection
	GlobalSection(NestedProjects) = preSolution
		{754D86D1-42B2-437B-B3C1-CDB7A734945D} = {FBB4C3FD-C890-4F11-B210-23E28A518F0A}
		{95476F9F-90E3-447F-9E18-34970FF34CAC} = {FBB4C3FD-C890-4F11-B210-23E28A518F0A}
	EndGlobalSection
	GlobalSection(ExtensibilityGlobals) = postSolution
		SolutionGuid = {6FEE7F68-7A2A-4F4D-AA88-224A4DB36151}
	EndGlobalSection
EndGlobal
